
Microsoft Visual Studio Solution File, Format Version 12.00
# Visual Studio Version 16
VisualStudioVersion = 16.0.32929.386
MinimumVisualStudioVersion = 10.0.40219.1
Project("{FAE04EC0-301F-11D3-BF4B-00C04F79EFBC}") = "Hostel Management System", "Hostel Management System.csproj", "{BFAE5046-3556-4DA7-A3EE-EC0B20C252D5}"
EndProject
Project("{FAE04EC0-301F-11D3-BF4B-00C04F79EFBC}") = "MyControls", "..\MyControls\MyControls.csproj", "{D1A373DD-C7C1-4A8C-ADAB-968C96E284F1}"
EndProject
Global
	GlobalSection(SolutionConfigurationPlatforms) = preSolution
		Debug|Any CPU = Debug|Any CPU
		Release|Any CPU = Release|Any CPU
	EndGlobalSection
	GlobalSection(ProjectConfigurationPlatforms) = postSolution
		{BFAE5046-3556-4DA7-A3EE-EC0B20C252D5}.Debug|Any CPU.ActiveCfg = Debug|Any CPU
		{BFAE5046-3556-4DA7-A3EE-EC0B20C252D5}.Debug|Any CPU.Build.0 = Debug|Any CPU
		{BFAE5046-3556-4DA7-A3EE-EC0B20C252D5}.Release|Any CPU.ActiveCfg = Release|Any CPU
		{BFAE5046-3556-4DA7-A3EE-EC0B20C252D5}.Release|Any CPU.Build.0 = Release|Any CPU
		{D1A373DD-C7C1-4A8C-ADAB-968C96E284F1}.Debug|Any CPU.ActiveCfg = Debug|Any CPU
		{D1A373DD-C7C1-4A8C-ADAB-968C96E284F1}.Debug|Any CPU.Build.0 = Debug|Any CPU
		{D1A373DD-C7C1-4A8C-ADAB-968C96E284F1}.Release|Any CPU.ActiveCfg = Release|Any CPU
		{D1A373DD-C7C1-4A8C-ADAB-968C96E284F1}.Release|Any CPU.Build.0 = Release|Any CPU
	EndGlobalSection
	GlobalSection(SolutionProperties) = preSolution
		HideSolutionNode = FALSE
	EndGlobalSection
	GlobalSection(ExtensibilityGlobals) = postSolution
		SolutionGuid = {F1AD3087-0C01-45D8-9798-BE0D3A9CFD5C}
	EndGlobalSection
EndGlobal
